
Microsoft Visual Studio Solution File, Format Version 12.00
# Visual Studio 14
VisualStudioVersion = 14.0.25420.1
MinimumVisualStudioVersion = 10.0.40219.1
Project("{FAE04EC0-301F-11D3-BF4B-00C04F79EFBC}") = "NumericSequences", "NumericSequences\NumericSequences.csproj", "{55FE7FD3-F162-4D82-87E3-50592ABE4147}"
EndProject
Project("{FAE04EC0-301F-11D3-BF4B-00C04F79EFBC}") = "NumericSequences.UnitTest", "NumericSequences.UnitTest\NumericSequences.UnitTest.csproj", "{5C3EE8CC-3481-4E42-A573-2620311BDFF9}"
EndProject
Project("{FAE04EC0-301F-11D3-BF4B-00C04F79EFBC}") = "NumericSequences.WebApi", "NumericSequences.WebApi\NumericSequences.WebApi.csproj", "{563813E3-CBE1-4D6A-B6E0-E6868DA7D8B9}"
EndProject
Global
	GlobalSection(SolutionConfigurationPlatforms) = preSolution
		Debug|Any CPU = Debug|Any CPU
		Release|Any CPU = Release|Any CPU
	EndGlobalSection
	GlobalSection(ProjectConfigurationPlatforms) = postSolution
		{55FE7FD3-F162-4D82-87E3-50592ABE4147}.Debug|Any CPU.ActiveCfg = Debug|Any CPU
		{55FE7FD3-F162-4D82-87E3-50592ABE4147}.Debug|Any CPU.Build.0 = Debug|Any CPU
		{55FE7FD3-F162-4D82-87E3-50592ABE4147}.Release|Any CPU.ActiveCfg = Release|Any CPU
		{55FE7FD3-F162-4D82-87E3-50592ABE4147}.Release|Any CPU.Build.0 = Release|Any CPU
		{5C3EE8CC-3481-4E42-A573-2620311BDFF9}.Debug|Any CPU.ActiveCfg = Debug|Any CPU
		{5C3EE8CC-3481-4E42-A573-2620311BDFF9}.Debug|Any CPU.Build.0 = Debug|Any CPU
		{5C3EE8CC-3481-4E42-A573-2620311BDFF9}.Release|Any CPU.ActiveCfg = Release|Any CPU
		{5C3EE8CC-3481-4E42-A573-2620311BDFF9}.Release|Any CPU.Build.0 = Release|Any CPU
		{563813E3-CBE1-4D6A-B6E0-E6868DA7D8B9}.Debug|Any CPU.ActiveCfg = Debug|Any CPU
		{563813E3-CBE1-4D6A-B6E0-E6868DA7D8B9}.Debug|Any CPU.Build.0 = Debug|Any CPU
		{563813E3-CBE1-4D6A-B6E0-E6868DA7D8B9}.Release|Any CPU.ActiveCfg = Release|Any CPU
		{563813E3-CBE1-4D6A-B6E0-E6868DA7D8B9}.Release|Any CPU.Build.0 = Release|Any CPU
	EndGlobalSection
	GlobalSection(SolutionProperties) = preSolution
		HideSolutionNode = FALSE
	EndGlobalSection
EndGlobal
